# @generated - this file is auto-generated by `mise lock` https://mise.jdx.dev/dev-tools/mise-lock.html

[[tools."aqua:aquasecurity/trivy"]]
version = "v0.69.3"
backend = "aqua:aquasecurity/trivy"

[tools."aqua:aquasecurity/trivy"."platforms.linux-arm64"]
checksum = "sha256:7e3924a974e912e57b4a99f65ece7931f8079584dae12eb7845024f97087bdfd"
url = "https://github.com/aquasecurity/trivy/releases/download/v0.69.3/trivy_0.69.3_Linux-ARM64.tar.gz"
provenance = "cosign"

[tools."aqua:aquasecurity/trivy"."platforms.linux-x64"]
checksum = "sha256:1816b632dfe529869c740c0913e36bd1629cb7688bd5634f4a858c1d57c88b75"
url = "https://github.com/aquasecurity/trivy/releases/download/v0.69.3/trivy_0.69.3_Linux-64bit.tar.gz"
provenance = "cosign"

[tools."aqua:aquasecurity/trivy"."platforms.macos-arm64"]
checksum = "sha256:a2f2179afd4f8bb265ca3c7aefb56a666bc4a9a411663bc0f22c3549fbc643a5"
url = "https://github.com/aquasecurity/trivy/releases/download/v0.69.3/trivy_0.69.3_macOS-ARM64.tar.gz"
provenance = "cosign"

[tools."aqua:aquasecurity/trivy"."platforms.windows-x64"]
checksum = "sha256:74362dc711383255308230ecbeb587eb1e4e83a8d332be5b0259afac6e0c2224"
url = "https://github.com/aquasecurity/trivy/releases/download/v0.69.3/trivy_0.69.3_windows-64bit.zip"
provenance = "cosign"

[[tools.awscli]]
version = "2.34.15"
backend = "aqua:aws/aws-cli"

[tools.awscli."platforms.linux-arm64"]
url = "https://awscli.amazonaws.com/awscli-exe-linux-aarch64-2.34.15.zip"

[tools.awscli."platforms.linux-arm64-musl"]
url = "https://awscli.amazonaws.com/awscli-exe-linux-aarch64-2.34.15.zip"

[tools.awscli."platforms.linux-x64"]
checksum = "blake3:7a8672a7dc62322afd341d46a9687e2d52ed2dfa0b8d7ea3583c0b226c9754b3"
url = "https://awscli.amazonaws.com/awscli-exe-linux-x86_64-2.34.15.zip"

[tools.awscli."platforms.linux-x64-musl"]
url = "https://awscli.amazonaws.com/awscli-exe-linux-x86_64-2.34.15.zip"

[tools.awscli."platforms.macos-arm64"]
url = "https://awscli.amazonaws.com/AWSCLIV2-2.34.15.pkg"

[tools.awscli."platforms.macos-x64"]
url = "https://awscli.amazonaws.com/AWSCLIV2-2.34.15.pkg"

[[tools.gitleaks]]
version = "8.30.1"
backend = "aqua:gitleaks/gitleaks"

[tools.gitleaks."platforms.linux-arm64"]
checksum = "sha256:e4a487ee7ccd7d3a7f7ec08657610aa3606637dab924210b3aee62570fb4b080"
url = "https://github.com/gitleaks/gitleaks/releases/download/v8.30.1/gitleaks_8.30.1_linux_arm64.tar.gz"

[tools.gitleaks."platforms.linux-x64"]
checksum = "sha256:551f6fc83ea457d62a0d98237cbad105af8d557003051f41f3e7ca7b3f2470eb"
url = "https://github.com/gitleaks/gitleaks/releases/download/v8.30.1/gitleaks_8.30.1_linux_x64.tar.gz"

[tools.gitleaks."platforms.macos-arm64"]
checksum = "sha256:b40ab0ae55c505963e365f271a8d3846efbc170aa17f2607f13df610a9aeb6a5"
url = "https://github.com/gitleaks/gitleaks/releases/download/v8.30.1/gitleaks_8.30.1_darwin_arm64.tar.gz"

[tools.gitleaks."platforms.windows-x64"]
checksum = "sha256:d29144deff3a68aa93ced33dddf84b7fdc26070add4aa0f4513094c8332afc4e"
url = "https://github.com/gitleaks/gitleaks/releases/download/v8.30.1/gitleaks_8.30.1_windows_x64.zip"

[[tools.go]]
version = "1.26.1"
backend = "core:go"

[tools.go."platforms.linux-arm64"]
checksum = "sha256:a290581cfe4fe28ddd737dde3095f3dbeb7f2e4065cab4eae44dfc53b760c2f7"
url = "https://dl.google.com/go/go1.26.1.linux-arm64.tar.gz"

[tools.go."platforms.linux-arm64-musl"]
checksum = "sha256:a290581cfe4fe28ddd737dde3095f3dbeb7f2e4065cab4eae44dfc53b760c2f7"
url = "https://dl.google.com/go/go1.26.1.linux-arm64.tar.gz"

[tools.go."platforms.linux-x64"]
checksum = "sha256:031f088e5d955bab8657ede27ad4e3bc5b7c1ba281f05f245bcc304f327c987a"
url = "https://dl.google.com/go/go1.26.1.linux-amd64.tar.gz"

[tools.go."platforms.linux-x64-musl"]
checksum = "sha256:031f088e5d955bab8657ede27ad4e3bc5b7c1ba281f05f245bcc304f327c987a"
url = "https://dl.google.com/go/go1.26.1.linux-amd64.tar.gz"

[tools.go."platforms.macos-arm64"]
checksum = "sha256:353df43a7811ce284c8938b5f3c7df40b7bfb6f56cb165b150bc40b5e2dd541f"
url = "https://dl.google.com/go/go1.26.1.darwin-arm64.tar.gz"

[tools.go."platforms.macos-x64"]
checksum = "sha256:65773dab2f8cc4cd23d93ba6d0a805de150ca0b78378879292be0b903b8cdd08"
url = "https://dl.google.com/go/go1.26.1.darwin-amd64.tar.gz"

[tools.go."platforms.windows-x64"]
checksum = "sha256:9b68112c913f45b7aebbf13c036721264bbba7e03a642f8f7490c561eebd1ecc"
url = "https://dl.google.com/go/go1.26.1.windows-amd64.zip"

[[tools."go:github.com/pressly/goose/v3/cmd/goose"]]
version = "3.27.0"
backend = "go:github.com/pressly/goose/v3/cmd/goose"

[[tools.pipx]]
version = "1.11.0"
backend = "aqua:pypa/pipx"

[tools.pipx."platforms.linux-arm64"]
checksum = "sha256:088012ed44db557464e48721275b62b2c2a9a943f444cde05f82cf7a23e63dbc"
url = "https://github.com/pypa/pipx/releases/download/1.11.0/pipx.pyz"

[tools.pipx."platforms.linux-arm64-musl"]
checksum = "sha256:088012ed44db557464e48721275b62b2c2a9a943f444cde05f82cf7a23e63dbc"
url = "https://github.com/pypa/pipx/releases/download/1.11.0/pipx.pyz"

[tools.pipx."platforms.linux-x64"]
checksum = "sha256:088012ed44db557464e48721275b62b2c2a9a943f444cde05f82cf7a23e63dbc"
url = "https://github.com/pypa/pipx/releases/download/1.11.0/pipx.pyz"

[tools.pipx."platforms.linux-x64-musl"]
checksum = "sha256:088012ed44db557464e48721275b62b2c2a9a943f444cde05f82cf7a23e63dbc"
url = "https://github.com/pypa/pipx/releases/download/1.11.0/pipx.pyz"

[tools.pipx."platforms.macos-arm64"]
checksum = "sha256:088012ed44db557464e48721275b62b2c2a9a943f444cde05f82cf7a23e63dbc"
url = "https://github.com/pypa/pipx/releases/download/1.11.0/pipx.pyz"

[tools.pipx."platforms.macos-x64"]
checksum = "sha256:088012ed44db557464e48721275b62b2c2a9a943f444cde05f82cf7a23e63dbc"
url = "https://github.com/pypa/pipx/releases/download/1.11.0/pipx.pyz"

[[tools."pipx:checkov"]]
version = "3.2.510"
backend = "pipx:checkov"

[[tools.pre-commit]]
version = "4.5.1"
backend = "aqua:pre-commit/pre-commit"

[tools.pre-commit."platforms.linux-arm64"]
checksum = "sha256:19d00ba35cbf9c04dc3736cd8bb641e8633f3eddd4cedde71809574ae68a2cd1"
url = "https://github.com/pre-commit/pre-commit/releases/download/v4.5.1/pre-commit-4.5.1.pyz"

[tools.pre-commit."platforms.linux-x64"]
checksum = "sha256:19d00ba35cbf9c04dc3736cd8bb641e8633f3eddd4cedde71809574ae68a2cd1"
url = "https://github.com/pre-commit/pre-commit/releases/download/v4.5.1/pre-commit-4.5.1.pyz"

[tools.pre-commit."platforms.macos-arm64"]
checksum = "sha256:19d00ba35cbf9c04dc3736cd8bb641e8633f3eddd4cedde71809574ae68a2cd1"
url = "https://github.com/pre-commit/pre-commit/releases/download/v4.5.1/pre-commit-4.5.1.pyz"

[[tools.python]]
version = "3.14.3"
backend = "core:python"

[tools.python."platforms.linux-arm64"]
checksum = "sha256:53700338695e402a1a1fe22be4a41fbdacc70e22bb308a48eca8ed67cb7992be"
url = "https://github.com/astral-sh/python-build-standalone/releases/download/20260324/cpython-3.14.3+20260324-aarch64-unknown-linux-gnu-install_only_stripped.tar.gz"
provenance = "github-attestations"

[tools.python."platforms.linux-arm64-musl"]
checksum = "sha256:53700338695e402a1a1fe22be4a41fbdacc70e22bb308a48eca8ed67cb7992be"
url = "https://github.com/astral-sh/python-build-standalone/releases/download/20260324/cpython-3.14.3+20260324-aarch64-unknown-linux-gnu-install_only_stripped.tar.gz"
provenance = "github-attestations"

[tools.python."platforms.linux-x64"]
checksum = "sha256:d7a9f970914bb4c88756fe3bdcc186d4feb90e9500e54f1db47dae4dc9687e39"
url = "https://github.com/astral-sh/python-build-standalone/releases/download/20260324/cpython-3.14.3+20260324-x86_64-unknown-linux-gnu-install_only_stripped.tar.gz"
provenance = "github-attestations"

[tools.python."platforms.linux-x64-musl"]
checksum = "sha256:d7a9f970914bb4c88756fe3bdcc186d4feb90e9500e54f1db47dae4dc9687e39"
url = "https://github.com/astral-sh/python-build-standalone/releases/download/20260324/cpython-3.14.3+20260324-x86_64-unknown-linux-gnu-install_only_stripped.tar.gz"
provenance = "github-attestations"

[tools.python."platforms.macos-arm64"]
checksum = "sha256:c43aecde4a663aebff99b9b83da0efec506479f1c3f98331442f33d2c43501f9"
url = "https://github.com/astral-sh/python-build-standalone/releases/download/20260324/cpython-3.14.3+20260324-aarch64-apple-darwin-install_only_stripped.tar.gz"
provenance = "github-attestations"

[tools.python."platforms.macos-x64"]
checksum = "sha256:9ab41dbc2f100a2a45d1833b9c11165f51051c558b5213eda9a9731d5948a0c0"
url = "https://github.com/astral-sh/python-build-standalone/releases/download/20260324/cpython-3.14.3+20260324-x86_64-apple-darwin-install_only_stripped.tar.gz"
provenance = "github-attestations"

[tools.python."platforms.windows-x64"]
checksum = "sha256:bbe19034b35b0267176a7442575ae7dc6343480fd4d35598cb7700173d431e09"
url = "https://github.com/astral-sh/python-build-standalone/releases/download/20260324/cpython-3.14.3+20260324-x86_64-pc-windows-msvc-install_only_stripped.tar.gz"
provenance = "github-attestations"

[[tools.terraform]]
version = "1.14.7"
backend = "aqua:hashicorp/terraform"

[tools.terraform."platforms.linux-arm64"]
checksum = "sha256:04f88ee8924db27c0e26c379721965273c80c9b6a94bc5d8d8048a69163952ba"
url = "https://releases.hashicorp.com/terraform/1.14.7/terraform_1.14.7_linux_arm64.zip"

[tools.terraform."platforms.linux-x64"]
checksum = "sha256:e8bbcefea8015156e04e2a325cde37a0b2fb761728bda548e2fe3b8ad7c18c96"
url = "https://releases.hashicorp.com/terraform/1.14.7/terraform_1.14.7_linux_amd64.zip"

[tools.terraform."platforms.macos-arm64"]
checksum = "sha256:e9004e245b3e56bff9c7a6c572295d710f6ce4fc72e3910e99519ebdcb46d1bb"
url = "https://releases.hashicorp.com/terraform/1.14.7/terraform_1.14.7_darwin_arm64.zip"

[tools.terraform."platforms.windows-x64"]
checksum = "sha256:e81958c47acde7bb64e0126c5c45c3919da1ecd51042d84e79030835cbbfdd0c"
url = "https://releases.hashicorp.com/terraform/1.14.7/terraform_1.14.7_windows_amd64.zip"

[[tools.terraform-docs]]
version = "0.21.0"
backend = "aqua:terraform-docs/terraform-docs"

[tools.terraform-docs."platforms.linux-arm64"]
checksum = "sha256:35b2e6846268841484e6eea7d00d7dfe2c94b4725e52cfe19aa6c26a86c32edc"
url = "https://github.com/terraform-docs/terraform-docs/releases/download/v0.21.0/terraform-docs-v0.21.0-linux-arm64.tar.gz"

[tools.terraform-docs."platforms.linux-x64"]
checksum = "sha256:2fdd81b8d21ff1498cd559af0dcc5d155835f84600db06d3923e217124fc735a"
url = "https://github.com/terraform-docs/terraform-docs/releases/download/v0.21.0/terraform-docs-v0.21.0-linux-amd64.tar.gz"

[tools.terraform-docs."platforms.macos-arm64"]
checksum = "sha256:92d6988d8c59c25aa1724068f4bc2d0f01a9d4706077e258e946e944ad7eee03"
url = "https://github.com/terraform-docs/terraform-docs/releases/download/v0.21.0/terraform-docs-v0.21.0-darwin-arm64.tar.gz"

[tools.terraform-docs."platforms.windows-x64"]
checksum = "sha256:9f45957d50656ec91c6172d73a6c9e6a22df2ccc7ca880cf288d19d6f5e349db"
url = "https://github.com/terraform-docs/terraform-docs/releases/download/v0.21.0/terraform-docs-v0.21.0-windows-amd64.zip"

[[tools.terragrunt]]
version = "0.99.4"
backend = "aqua:gruntwork-io/terragrunt"

[tools.terragrunt."platforms.linux-arm64"]
checksum = "sha256:2aa9738d039fce1b8123b9c9dad5c5d94f5b90a93addfddd37c313909156223a"
url = "https://github.com/gruntwork-io/terragrunt/releases/download/v0.99.4/terragrunt_linux_arm64.tar.gz"

[tools.terragrunt."platforms.linux-x64"]
checksum = "sha256:6098c70b39a0a4416769ead3003670ecac4284136720003ec6efa9fe618a4004"
url = "https://github.com/gruntwork-io/terragrunt/releases/download/v0.99.4/terragrunt_linux_amd64.tar.gz"

[tools.terragrunt."platforms.macos-arm64"]
checksum = "sha256:d42ac10dc28ed76074a813759c02df02b3fcd6851636478cd20cd3999337a368"
url = "https://github.com/gruntwork-io/terragrunt/releases/download/v0.99.4/terragrunt_darwin_arm64.tar.gz"

[tools.terragrunt."platforms.windows-x64"]
checksum = "sha256:0f21f3daff626d96c73842976a1fd81450f0565086f4db1de9e6365ccea36700"
url = "https://github.com/gruntwork-io/terragrunt/releases/download/v0.99.4/terragrunt_windows_amd64.exe.tar.gz"

[[tools.tflint]]
version = "0.61.0"
backend = "aqua:terraform-linters/tflint"

[tools.tflint."platforms.linux-arm64"]
checksum = "sha256:999c25cfdb5208fe1133dec6b219e666a39fc2a7a0786a781dc9924ea5945ebf"
url = "https://github.com/terraform-linters/tflint/releases/download/v0.61.0/tflint_linux_arm64.zip"

[tools.tflint."platforms.linux-x64"]
checksum = "sha256:ca4e4e8cb7cc3436f2b6979e9c4fd4e2623a66fcca1ad1fe12f8669967636ae2"
url = "https://github.com/terraform-linters/tflint/releases/download/v0.61.0/tflint_linux_amd64.zip"

[tools.tflint."platforms.macos-arm64"]
checksum = "sha256:6593fa24cb6e14d2d0cf7af7fd02a271242f1038af6ecb5384f6738e105a0fea"
url = "https://github.com/terraform-linters/tflint/releases/download/v0.61.0/tflint_darwin_arm64.zip"

[tools.tflint."platforms.windows-x64"]
checksum = "sha256:f114a26a519f580a9d27204b1210ba5869ed8219d7e23a732d41774d612af3b0"
url = "https://github.com/terraform-linters/tflint/releases/download/v0.61.0/tflint_windows_amd64.zip"

[[tools.vale]]
version = "3.14.1"
backend = "aqua:errata-ai/vale"

[tools.vale."platforms.linux-arm64"]
checksum = "sha256:6a442a4ff1e67ff0beb08b608b039a38ab1f5bd6170afef903130a63831d1b2b"
url = "https://github.com/vale-cli/vale/releases/download/v3.14.1/vale_3.14.1_Linux_arm64.tar.gz"

[tools.vale."platforms.linux-x64"]
checksum = "sha256:ff2b49ffaa9dcd246fd5008f03ff67746d2790b75bf4d3657e2fb9530fb96db3"
url = "https://github.com/vale-cli/vale/releases/download/v3.14.1/vale_3.14.1_Linux_64-bit.tar.gz"

[tools.vale."platforms.macos-arm64"]
checksum = "sha256:1a4a0923f59b293d691bd901300cc4da50a6bbfd962503239b5efe9563e0bd8e"
url = "https://github.com/vale-cli/vale/releases/download/v3.14.1/vale_3.14.1_macOS_arm64.tar.gz"

[tools.vale."platforms.windows-x64"]
checksum = "sha256:e75228aa7eec07dab8875830c039d7d1216514793d0c46d95740a96dc2f96ae1"
url = "https://github.com/vale-cli/vale/releases/download/v3.14.1/vale_3.14.1_Windows_64-bit.zip"
